// !$*UTF8*$!
{
	archiveVersion = 1;
	classes = {
	};
	objectVersion = 56;
	objects = {

/* Begin PBXBuildFile section */
		BDE52E322CA543960053970B /* ACMControlApp.swift in Sources */ = {isa = PBXBuildFile; fileRef = BDE52E312CA543960053970B /* ACMControlApp.swift */; };
		BDE52E342CA543960053970B /* ContentView.swift in Sources */ = {isa = PBXBuildFile; fileRef = BDE52E332CA543960053970B /* ContentView.swift */; };
		BDE52E362CA543990053970B /* Assets.xcassets in Resources */ = {isa = PBXBuildFile; fileRef = BDE52E352CA543990053970B /* Assets.xcassets */; };
		BDE52E392CA543990053970B /* Preview Assets.xcassets in Resources */ = {isa = PBXBuildFile; fileRef = BDE52E382CA543990053970B /* Preview Assets.xcassets */; };
		BDE52E432CA5439A0053970B /* ACMControlTests.swift in Sources */ = {isa = PBXBuildFile; fileRef = BDE52E422CA5439A0053970B /* ACMControlTests.swift */; };
		BDE52E4D2CA5439A0053970B /* ACMControlUITests.swift in Sources */ = {isa = PBXBuildFile; fileRef = BDE52E4C2CA5439A0053970B /* ACMControlUITests.swift */; };
		BDE52E4F2CA5439A0053970B /* ACMControlUITestsLaunchTests.swift in Sources */ = {isa = PBXBuildFile; fileRef = BDE52E4E2CA5439A0053970B /* ACMControlUITestsLaunchTests.swift */; };
		BDE52E632CA544DC0053970B /* BluetoothManager.swift in Sources */ = {isa = PBXBuildFile; fileRef = BDE52E622CA544DB0053970B /* BluetoothManager.swift */; };
		BDE52E652CA5450C0053970B /* ControlSwitch.swift in Sources */ = {isa = PBXBuildFile; fileRef = BDE52E642CA5450C0053970B /* ControlSwitch.swift */; };
		BDE52E672CA545180053970B /* RenameView.swift in Sources */ = {isa = PBXBuildFile; fileRef = BDE52E662CA545180053970B /* RenameView.swift */; };
		BDE52E692CA545290053970B /* BrightnessAdjusterView.swift in Sources */ = {isa = PBXBuildFile; fileRef = BDE52E682CA545290053970B /* BrightnessAdjusterView.swift */; };
		BDE52E6B2CA545340053970B /* SideMenu.swift in Sources */ = {isa = PBXBuildFile; fileRef = BDE52E6A2CA545340053970B /* SideMenu.swift */; };
		BDE52E6D2CA545400053970B /* DataView.swift in Sources */ = {isa = PBXBuildFile; fileRef = BDE52E6C2CA545400053970B /* DataView.swift */; };
		BDE52E6F2CA545550053970B /* ConfigurationView.swift in Sources */ = {isa = PBXBuildFile; fileRef = BDE52E6E2CA545550053970B /* ConfigurationView.swift */; };
		BDE52E712CA545630053970B /* AboutView.swift in Sources */ = {isa = PBXBuildFile; fileRef = BDE52E702CA545630053970B /* AboutView.swift */; };
		BDE52E762CA678EA0053970B /* DataModels.swift in Sources */ = {isa = PBXBuildFile; fileRef = BDE52E752CA678E90053970B /* DataModels.swift */; };
		BDE52E782CA67BB70053970B /* GradientUtility.swift in Sources */ = {isa = PBXBuildFile; fileRef = BDE52E772CA67BB70053970B /* GradientUtility.swift */; };
/* End PBXBuildFile section */

/* Begin PBXContainerItemProxy section */
		BDE52E3F2CA5439A0053970B /* PBXContainerItemProxy */ = {
			isa = PBXContainerItemProxy;
			containerPortal = BDE52E262CA543960053970B /* Project object */;
			proxyType = 1;
			remoteGlobalIDString = BDE52E2D2CA543960053970B;
			remoteInfo = ACMControl;
		};
		BDE52E492CA5439A0053970B /* PBXContainerItemProxy */ = {
			isa = PBXContainerItemProxy;
			containerPortal = BDE52E262CA543960053970B /* Project object */;
			proxyType = 1;
			remoteGlobalIDString = BDE52E2D2CA543960053970B;
			remoteInfo = ACMControl;
		};
/* End PBXContainerItemProxy section */

/* Begin PBXFileReference section */
		BDE52E2E2CA543960053970B /* ACMControl.app */ = {isa = PBXFileReference; explicitFileType = wrapper.application; includeInIndex = 0; path = ACMControl.app; sourceTree = BUILT_PRODUCTS_DIR; };
		BDE52E312CA543960053970B /* ACMControlApp.swift */ = {isa = PBXFileReference; lastKnownFileType = sourcecode.swift; path = ACMControlApp.swift; sourceTree = "<group>"; };
		BDE52E332CA543960053970B /* ContentView.swift */ = {isa = PBXFileReference; lastKnownFileType = sourcecode.swift; path = ContentView.swift; sourceTree = "<group>"; };
		BDE52E352CA543990053970B /* Assets.xcassets */ = {isa = PBXFileReference; lastKnownFileType = folder.assetcatalog; path = Assets.xcassets; sourceTree = "<group>"; };
		BDE52E382CA543990053970B /* Preview Assets.xcassets */ = {isa = PBXFileReference; lastKnownFileType = folder.assetcatalog; path = "Preview Assets.xcassets"; sourceTree = "<group>"; };
		BDE52E3E2CA5439A0053970B /* ACMControlTests.xctest */ = {isa = PBXFileReference; explicitFileType = wrapper.cfbundle; includeInIndex = 0; path = ACMControlTests.xctest; sourceTree = BUILT_PRODUCTS_DIR; };
		BDE52E422CA5439A0053970B /* ACMControlTests.swift */ = {isa = PBXFileReference; lastKnownFileType = sourcecode.swift; path = ACMControlTests.swift; sourceTree = "<group>"; };
		BDE52E482CA5439A0053970B /* ACMControlUITests.xctest */ = {isa = PBXFileReference; explicitFileType = wrapper.cfbundle; includeInIndex = 0; path = ACMControlUITests.xctest; sourceTree = BUILT_PRODUCTS_DIR; };
		BDE52E4C2CA5439A0053970B /* ACMControlUITests.swift */ = {isa = PBXFileReference; lastKnownFileType = sourcecode.swift; path = ACMControlUITests.swift; sourceTree = "<group>"; };
		BDE52E4E2CA5439A0053970B /* ACMControlUITestsLaunchTests.swift */ = {isa = PBXFileReference; lastKnownFileType = sourcecode.swift; path = ACMControlUITestsLaunchTests.swift; sourceTree = "<group>"; };
		BDE52E622CA544DB0053970B /* BluetoothManager.swift */ = {isa = PBXFileReference; fileEncoding = 4; lastKnownFileType = sourcecode.swift; path = BluetoothManager.swift; sourceTree = "<group>"; };
		BDE52E642CA5450C0053970B /* ControlSwitch.swift */ = {isa = PBXFileReference; lastKnownFileType = sourcecode.swift; path = ControlSwitch.swift; sourceTree = "<group>"; };
		BDE52E662CA545180053970B /* RenameView.swift */ = {isa = PBXFileReference; lastKnownFileType = sourcecode.swift; path = RenameView.swift; sourceTree = "<group>"; };
		BDE52E682CA545290053970B /* BrightnessAdjusterView.swift */ = {isa = PBXFileReference; lastKnownFileType = sourcecode.swift; path = BrightnessAdjusterView.swift; sourceTree = "<group>"; };
		BDE52E6A2CA545340053970B /* SideMenu.swift */ = {isa = PBXFileReference; lastKnownFileType = sourcecode.swift; path = SideMenu.swift; sourceTree = "<group>"; };
		BDE52E6C2CA545400053970B /* DataView.swift */ = {isa = PBXFileReference; lastKnownFileType = sourcecode.swift; path = DataView.swift; sourceTree = "<group>"; };
		BDE52E6E2CA545550053970B /* ConfigurationView.swift */ = {isa = PBXFileReference; lastKnownFileType = sourcecode.swift; path = ConfigurationView.swift; sourceTree = "<group>"; };
		BDE52E702CA545630053970B /* AboutView.swift */ = {isa = PBXFileReference; lastKnownFileType = sourcecode.swift; path = AboutView.swift; sourceTree = "<group>"; };
		BDE52E742CA547460053970B /* Info.plist */ = {isa = PBXFileReference; lastKnownFileType = text.plist; path = Info.plist; sourceTree = "<group>"; };
		BDE52E752CA678E90053970B /* DataModels.swift */ = {isa = PBXFileReference; lastKnownFileType = sourcecode.swift; path = DataModels.swift; sourceTree = "<group>"; };
		BDE52E772CA67BB70053970B /* GradientUtility.swift */ = {isa = PBXFileReference; lastKnownFileType = sourcecode.swift; path = GradientUtility.swift; sourceTree = "<group>"; };
/* End PBXFileReference section */

/* Begin PBXFrameworksBuildPhase section */
		BDE52E2B2CA543960053970B /* Frameworks */ = {
			isa = PBXFrameworksBuildPhase;
			buildActionMask = 2147483647;
			files = (
			);
			runOnlyForDeploymentPostprocessing = 0;
		};
		BDE52E3B2CA5439A0053970B /* Frameworks */ = {
			isa = PBXFrameworksBuildPhase;
			buildActionMask = 2147483647;
			files = (
			);
			runOnlyForDeploymentPostprocessing = 0;
		};
		BDE52E452CA5439A0053970B /* Frameworks */ = {
			isa = PBXFrameworksBuildPhase;
			buildActionMask = 2147483647;
			files = (
			);
			runOnlyForDeploymentPostprocessing = 0;
		};
/* End PBXFrameworksBuildPhase section */

/* Begin PBXGroup section */
		BDE52E252CA543960053970B = {
			isa = PBXGroup;
			children = (
				BDE52E302CA543960053970B /* ACMControl */,
				BDE52E412CA5439A0053970B /* ACMControlTests */,
				BDE52E4B2CA5439A0053970B /* ACMControlUITests */,
				BDE52E2F2CA543960053970B /* Products */,
			);
			sourceTree = "<group>";
		};
		BDE52E2F2CA543960053970B /* Products */ = {
			isa = PBXGroup;
			children = (
				BDE52E2E2CA543960053970B /* ACMControl.app */,
				BDE52E3E2CA5439A0053970B /* ACMControlTests.xctest */,
				BDE52E482CA5439A0053970B /* ACMControlUITests.xctest */,
			);
			name = Products;
			sourceTree = "<group>";
		};
		BDE52E302CA543960053970B /* ACMControl */ = {
			isa = PBXGroup;
			children = (
				BDE52E742CA547460053970B /* Info.plist */,
				BDE52E312CA543960053970B /* ACMControlApp.swift */,
				BDE52E612CA544CA0053970B /* Models */,
				BDE52E602CA544BF0053970B /* Views */,
				BDE52E352CA543990053970B /* Assets.xcassets */,
				BDE52E372CA543990053970B /* Preview Content */,
			);
			path = ACMControl;
			sourceTree = "<group>";
		};
		BDE52E372CA543990053970B /* Preview Content */ = {
			isa = PBXGroup;
			children = (
				BDE52E382CA543990053970B /* Preview Assets.xcassets */,
			);
			path = "Preview Content";
			sourceTree = "<group>";
		};
		BDE52E412CA5439A0053970B /* ACMControlTests */ = {
			isa = PBXGroup;
			children = (
				BDE52E422CA5439A0053970B /* ACMControlTests.swift */,
			);
			path = ACMControlTests;
			sourceTree = "<group>";
		};
		BDE52E4B2CA5439A0053970B /* ACMControlUITests */ = {
			isa = PBXGroup;
			children = (
				BDE52E4C2CA5439A0053970B /* ACMControlUITests.swift */,
				BDE52E4E2CA5439A0053970B /* ACMControlUITestsLaunchTests.swift */,
			);
			path = ACMControlUITests;
			sourceTree = "<group>";
		};
		BDE52E602CA544BF0053970B /* Views */ = {
			isa = PBXGroup;
			children = (
				BDE52E332CA543960053970B /* ContentView.swift */,
				BDE52E642CA5450C0053970B /* ControlSwitch.swift */,
				BDE52E662CA545180053970B /* RenameView.swift */,
				BDE52E682CA545290053970B /* BrightnessAdjusterView.swift */,
				BDE52E6A2CA545340053970B /* SideMenu.swift */,
				BDE52E6C2CA545400053970B /* DataView.swift */,
				BDE52E6E2CA545550053970B /* ConfigurationView.swift */,
				BDE52E702CA545630053970B /* AboutView.swift */,
				BDE52E752CA678E90053970B /* DataModels.swift */,
				BDE52E772CA67BB70053970B /* GradientUtility.swift */,
			);
			path = Views;
			sourceTree = "<group>";
		};
		BDE52E612CA544CA0053970B /* Models */ = {
			isa = PBXGroup;
			children = (
				BDE52E622CA544DB0053970B /* BluetoothManager.swift */,
			);
			path = Models;
			sourceTree = "<group>";
		};
/* End PBXGroup section */

/* Begin PBXNativeTarget section */
		BDE52E2D2CA543960053970B /* ACMControl */ = {
			isa = PBXNativeTarget;
			buildConfigurationList = BDE52E522CA5439A0053970B /* Build configuration list for PBXNativeTarget "ACMControl" */;
			buildPhases = (
				BDE52E2A2CA543960053970B /* Sources */,
				BDE52E2B2CA543960053970B /* Frameworks */,
				BDE52E2C2CA543960053970B /* Resources */,
			);
			buildRules = (
			);
			dependencies = (
			);
			name = ACMControl;
			productName = ACMControl;
			productReference = BDE52E2E2CA543960053970B /* ACMControl.app */;
			productType = "com.apple.product-type.application";
		};
		BDE52E3D2CA5439A0053970B /* ACMControlTests */ = {
			isa = PBXNativeTarget;
			buildConfigurationList = BDE52E552CA5439A0053970B /* Build configuration list for PBXNativeTarget "ACMControlTests" */;
			buildPhases = (
				BDE52E3A2CA5439A0053970B /* Sources */,
				BDE52E3B2CA5439A0053970B /* Frameworks */,
				BDE52E3C2CA5439A0053970B /* Resources */,
			);
			buildRules = (
			);
			dependencies = (
				BDE52E402CA5439A0053970B /* PBXTargetDependency */,
			);
			name = ACMControlTests;
			productName = ACMControlTests;
			productReference = BDE52E3E2CA5439A0053970B /* ACMControlTests.xctest */;
			productType = "com.apple.product-type.bundle.unit-test";
		};
		BDE52E472CA5439A0053970B /* ACMControlUITests */ = {
			isa = PBXNativeTarget;
			buildConfigurationList = BDE52E582CA5439A0053970B /* Build configuration list for PBXNativeTarget "ACMControlUITests" */;
			buildPhases = (
				BDE52E442CA5439A0053970B /* Sources */,
				BDE52E452CA5439A0053970B /* Frameworks */,
				BDE52E462CA5439A0053970B /* Resources */,
			);
			buildRules = (
			);
			dependencies = (
				BDE52E4A2CA5439A0053970B /* PBXTargetDependency */,
			);
			name = ACMControlUITests;
			productName = ACMControlUITests;
			productReference = BDE52E482CA5439A0053970B /* ACMControlUITests.xctest */;
			productType = "com.apple.product-type.bundle.ui-testing";
		};
/* End PBXNativeTarget section */

/* Begin PBXProject section */
		BDE52E262CA543960053970B /* Project object */ = {
			isa = PBXProject;
			attributes = {
				BuildIndependentTargetsInParallel = 1;
				LastSwiftUpdateCheck = 1540;
				LastUpgradeCheck = 1540;
				TargetAttributes = {
					BDE52E2D2CA543960053970B = {
						CreatedOnToolsVersion = 15.4;
					};
					BDE52E3D2CA5439A0053970B = {
						CreatedOnToolsVersion = 15.4;
						TestTargetID = BDE52E2D2CA543960053970B;
					};
					BDE52E472CA5439A0053970B = {
						CreatedOnToolsVersion = 15.4;
						TestTargetID = BDE52E2D2CA543960053970B;
					};
				};
			};
			buildConfigurationList = BDE52E292CA543960053970B /* Build configuration list for PBXProject "ACMControl" */;
			compatibilityVersion = "Xcode 14.0";
			developmentRegion = en;
			hasScannedForEncodings = 0;
			knownRegions = (
				en,
				Base,
			);
			mainGroup = BDE52E252CA543960053970B;
			productRefGroup = BDE52E2F2CA543960053970B /* Products */;
			projectDirPath = "";
			projectRoot = "";
			targets = (
				BDE52E2D2CA543960053970B /* ACMControl */,
				BDE52E3D2CA5439A0053970B /* ACMControlTests */,
				BDE52E472CA5439A0053970B /* ACMControlUITests */,
			);
		};
/* End PBXProject section */

/* Begin PBXResourcesBuildPhase section */
		BDE52E2C2CA543960053970B /* Resources */ = {
			isa = PBXResourcesBuildPhase;
			buildActionMask = 2147483647;
			files = (
				BDE52E392CA543990053970B /* Preview Assets.xcassets in Resources */,
				BDE52E362CA543990053970B /* Assets.xcassets in Resources */,
			);
			runOnlyForDeploymentPostprocessing = 0;
		};
		BDE52E3C2CA5439A0053970B /* Resources */ = {
			isa = PBXResourcesBuildPhase;
			buildActionMask = 2147483647;
			files = (
			);
			runOnlyForDeploymentPostprocessing = 0;
		};
		BDE52E462CA5439A0053970B /* Resources */ = {
			isa = PBXResourcesBuildPhase;
			buildActionMask = 2147483647;
			files = (
			);
			runOnlyForDeploymentPostprocessing = 0;
		};
/* End PBXResourcesBuildPhase section */

/* Begin PBXSourcesBuildPhase section */
		BDE52E2A2CA543960053970B /* Sources */ = {
			isa = PBXSourcesBuildPhase;
			buildActionMask = 2147483647;
			files = (
				BDE52E342CA543960053970B /* ContentView.swift in Sources */,
				BDE52E6F2CA545550053970B /* ConfigurationView.swift in Sources */,
				BDE52E782CA67BB70053970B /* GradientUtility.swift in Sources */,
				BDE52E762CA678EA0053970B /* DataModels.swift in Sources */,
				BDE52E692CA545290053970B /* BrightnessAdjusterView.swift in Sources */,
				BDE52E652CA5450C0053970B /* ControlSwitch.swift in Sources */,
				BDE52E712CA545630053970B /* AboutView.swift in Sources */,
				BDE52E6B2CA545340053970B /* SideMenu.swift in Sources */,
				BDE52E672CA545180053970B /* RenameView.swift in Sources */,
				BDE52E632CA544DC0053970B /* BluetoothManager.swift in Sources */,
				BDE52E6D2CA545400053970B /* DataView.swift in Sources */,
				BDE52E322CA543960053970B /* ACMControlApp.swift in Sources */,
			);
			runOnlyForDeploymentPostprocessing = 0;
		};
		BDE52E3A2CA5439A0053970B /* Sources */ = {
			isa = PBXSourcesBuildPhase;
			buildActionMask = 2147483647;
			files = (
				BDE52E432CA5439A0053970B /* ACMControlTests.swift in Sources */,
			);
			runOnlyForDeploymentPostprocessing = 0;
		};
		BDE52E442CA5439A0053970B /* Sources */ = {
			isa = PBXSourcesBuildPhase;
			buildActionMask = 2147483647;
			files = (
				BDE52E4F2CA5439A0053970B /* ACMControlUITestsLaunchTests.swift in Sources */,
				BDE52E4D2CA5439A0053970B /* ACMControlUITests.swift in Sources */,
			);
			runOnlyForDeploymentPostprocessing = 0;
		};
/* End PBXSourcesBuildPhase section */

/* Begin PBXTargetDependency section */
		BDE52E402CA5439A0053970B /* PBXTargetDependency */ = {
			isa = PBXTargetDependency;
			target = BDE52E2D2CA543960053970B /* ACMControl */;
			targetProxy = BDE52E3F2CA5439A0053970B /* PBXContainerItemProxy */;
		};
		BDE52E4A2CA5439A0053970B /* PBXTargetDependency */ = {
			isa = PBXTargetDependency;
			target = BDE52E2D2CA543960053970B /* ACMControl */;
			targetProxy = BDE52E492CA5439A0053970B /* PBXContainerItemProxy */;
		};
/* End PBXTargetDependency section */

/* Begin XCBuildConfiguration section */
		BDE52E502CA5439A0053970B /* Debug */ = {
			isa = XCBuildConfiguration;
			buildSettings = {
				ALWAYS_SEARCH_USER_PATHS = NO;
				ASSETCATALOG_COMPILER_GENERATE_SWIFT_ASSET_SYMBOL_EXTENSIONS = YES;
				CLANG_ANALYZER_NONNULL = YES;
				CLANG_ANALYZER_NUMBER_OBJECT_CONVERSION = YES_AGGRESSIVE;
				CLANG_CXX_LANGUAGE_STANDARD = "gnu++20";
				CLANG_ENABLE_MODULES = YES;
				CLANG_ENABLE_OBJC_ARC = YES;
				CLANG_ENABLE_OBJC_WEAK = YES;
				CLANG_WARN_BLOCK_CAPTURE_AUTORELEASING = YES;
				CLANG_WARN_BOOL_CONVERSION = YES;
				CLANG_WARN_COMMA = YES;
				CLANG_WARN_CONSTANT_CONVERSION = YES;
				CLANG_WARN_DEPRECATED_OBJC_IMPLEMENTATIONS = YES;
				CLANG_WARN_DIRECT_OBJC_ISA_USAGE = YES_ERROR;
				CLANG_WARN_DOCUMENTATION_COMMENTS = YES;
				CLANG_WARN_EMPTY_BODY = YES;
				CLANG_WARN_ENUM_CONVERSION = YES;
				CLANG_WARN_INFINITE_RECURSION = YES;
				CLANG_WARN_INT_CONVERSION = YES;
				CLANG_WARN_NON_LITERAL_NULL_CONVERSION = YES;
				CLANG_WARN_OBJC_IMPLICIT_RETAIN_SELF = YES;
				CLANG_WARN_OBJC_LITERAL_CONVERSION = YES;
				CLANG_WARN_OBJC_ROOT_CLASS = YES_ERROR;
				CLANG_WARN_QUOTED_INCLUDE_IN_FRAMEWORK_HEADER = YES;
				CLANG_WARN_RANGE_LOOP_ANALYSIS = YES;
				CLANG_WARN_STRICT_PROTOTYPES = YES;
				CLANG_WARN_SUSPICIOUS_MOVE = YES;
				CLANG_WARN_UNGUARDED_AVAILABILITY = YES_AGGRESSIVE;
				CLANG_WARN_UNREACHABLE_CODE = YES;
				CLANG_WARN__DUPLICATE_METHOD_MATCH = YES;
				COPY_PHASE_STRIP = NO;
				DEBUG_INFORMATION_FORMAT = dwarf;
				ENABLE_STRICT_OBJC_MSGSEND = YES;
				ENABLE_TESTABILITY = YES;
				ENABLE_USER_SCRIPT_SANDBOXING = YES;
				GCC_C_LANGUAGE_STANDARD = gnu17;
				GCC_DYNAMIC_NO_PIC = NO;
				GCC_NO_COMMON_BLOCKS = YES;
				GCC_OPTIMIZATION_LEVEL = 0;
				GCC_PREPROCESSOR_DEFINITIONS = (
					"DEBUG=1",
					"$(inherited)",
				);
				GCC_WARN_64_TO_32_BIT_CONVERSION = YES;
				GCC_WARN_ABOUT_RETURN_TYPE = YES_ERROR;
				GCC_WARN_UNDECLARED_SELECTOR = YES;
				GCC_WARN_UNINITIALIZED_AUTOS = YES_AGGRESSIVE;
				GCC_WARN_UNUSED_FUNCTION = YES;
				GCC_WARN_UNUSED_VARIABLE = YES;
				IPHONEOS_DEPLOYMENT_TARGET = 17.5;
				LOCALIZATION_PREFERS_STRING_CATALOGS = YES;
				MTL_ENABLE_DEBUG_INFO = INCLUDE_SOURCE;
				MTL_FAST_MATH = YES;
				ONLY_ACTIVE_ARCH = YES;
				SDKROOT = iphoneos;
				SWIFT_ACTIVE_COMPILATION_CONDITIONS = "DEBUG $(inherited)";
				SWIFT_OPTIMIZATION_LEVEL = "-Onone";
			};
			name = Debug;
		};
		BDE52E512CA5439A0053970B /* Release */ = {
			isa = XCBuildConfiguration;
			buildSettings = {
				ALWAYS_SEARCH_USER_PATHS = NO;
				ASSETCATALOG_COMPILER_GENERATE_SWIFT_ASSET_SYMBOL_EXTENSIONS = YES;
				CLANG_ANALYZER_NONNULL = YES;
				CLANG_ANALYZER_NUMBER_OBJECT_CONVERSION = YES_AGGRESSIVE;
				CLANG_CXX_LANGUAGE_STANDARD = "gnu++20";
				CLANG_ENABLE_MODULES = YES;
				CLANG_ENABLE_OBJC_ARC = YES;
				CLANG_ENABLE_OBJC_WEAK = YES;
				CLANG_WARN_BLOCK_CAPTURE_AUTORELEASING = YES;
				CLANG_WARN_BOOL_CONVERSION = YES;
				CLANG_WARN_COMMA = YES;
				CLANG_WARN_CONSTANT_CONVERSION = YES;
				CLANG_WARN_DEPRECATED_OBJC_IMPLEMENTATIONS = YES;
				CLANG_WARN_DIRECT_OBJC_ISA_USAGE = YES_ERROR;
				CLANG_WARN_DOCUMENTATION_COMMENTS = YES;
				CLANG_WARN_EMPTY_BODY = YES;
				CLANG_WARN_ENUM_CONVERSION = YES;
				CLANG_WARN_INFINITE_RECURSION = YES;
				CLANG_WARN_INT_CONVERSION = YES;
				CLANG_WARN_NON_LITERAL_NULL_CONVERSION = YES;
				CLANG_WARN_OBJC_IMPLICIT_RETAIN_SELF = YES;
				CLANG_WARN_OBJC_LITERAL_CONVERSION = YES;
				CLANG_WARN_OBJC_ROOT_CLASS = YES_ERROR;
				CLANG_WARN_QUOTED_INCLUDE_IN_FRAMEWORK_HEADER = YES;
				CLANG_WARN_RANGE_LOOP_ANALYSIS = YES;
				CLANG_WARN_STRICT_PROTOTYPES = YES;
				CLANG_WARN_SUSPICIOUS_MOVE = YES;
				CLANG_WARN_UNGUARDED_AVAILABILITY = YES_AGGRESSIVE;
				CLANG_WARN_UNREACHABLE_CODE = YES;
				CLANG_WARN__DUPLICATE_METHOD_MATCH = YES;
				COPY_PHASE_STRIP = NO;
				DEBUG_INFORMATION_FORMAT = "dwarf-with-dsym";
				ENABLE_NS_ASSERTIONS = NO;
				ENABLE_STRICT_OBJC_MSGSEND = YES;
				ENABLE_USER_SCRIPT_SANDBOXING = YES;
				GCC_C_LANGUAGE_STANDARD = gnu17;
				GCC_NO_COMMON_BLOCKS = YES;
				GCC_WARN_64_TO_32_BIT_CONVERSION = YES;
				GCC_WARN_ABOUT_RETURN_TYPE = YES_ERROR;
				GCC_WARN_UNDECLARED_SELECTOR = YES;
				GCC_WARN_UNINITIALIZED_AUTOS = YES_AGGRESSIVE;
				GCC_WARN_UNUSED_FUNCTION = YES;
				GCC_WARN_UNUSED_VARIABLE = YES;
				IPHONEOS_DEPLOYMENT_TARGET = 17.5;
				LOCALIZATION_PREFERS_STRING_CATALOGS = YES;
				MTL_ENABLE_DEBUG_INFO = NO;
				MTL_FAST_MATH = YES;
				SDKROOT = iphoneos;
				SWIFT_COMPILATION_MODE = wholemodule;
				VALIDATE_PRODUCT = YES;
			};
			name = Release;
		};
		BDE52E532CA5439A0053970B /* Debug */ = {
			isa = XCBuildConfiguration;
			buildSettings = {
				ASSETCATALOG_COMPILER_APPICON_NAME = AppIcon;
				ASSETCATALOG_COMPILER_GLOBAL_ACCENT_COLOR_NAME = AccentColor;
				CODE_SIGN_STYLE = Automatic;
				CURRENT_PROJECT_VERSION = 1;
				DEVELOPMENT_ASSET_PATHS = "\"ACMControl/Preview Content\"";
				DEVELOPMENT_TEAM = 5K3U7JWXXN;
				ENABLE_PREVIEWS = YES;
				GENERATE_INFOPLIST_FILE = YES;
				INFOPLIST_FILE = ACMControl/Info.plist;
				INFOPLIST_KEY_UIApplicationSceneManifest_Generation = YES;
				INFOPLIST_KEY_UIApplicationSupportsIndirectInputEvents = YES;
				INFOPLIST_KEY_UILaunchScreen_Generation = YES;
				INFOPLIST_KEY_UISupportedInterfaceOrientations_iPad = "UIInterfaceOrientationPortrait UIInterfaceOrientationPortraitUpsideDown UIInterfaceOrientationLandscapeLeft UIInterfaceOrientationLandscapeRight";
				INFOPLIST_KEY_UISupportedInterfaceOrientations_iPhone = "UIInterfaceOrientationPortrait UIInterfaceOrientationLandscapeLeft UIInterfaceOrientationLandscapeRight";
				LD_RUNPATH_SEARCH_PATHS = (
					"$(inherited)",
					"@executable_path/Frameworks",
				);
				MARKETING_VERSION = 1.0;
				PRODUCT_BUNDLE_IDENTIFIER = rb.ACMControl;
				PRODUCT_NAME = "$(TARGET_NAME)";
				SWIFT_EMIT_LOC_STRINGS = YES;
				SWIFT_VERSION = 5.0;
				TARGETED_DEVICE_FAMILY = "1,2";
			};
			name = Debug;
		};
		BDE52E542CA5439A0053970B /* Release */ = {
			isa = XCBuildConfiguration;
			buildSettings = {
				ASSETCATALOG_COMPILER_APPICON_NAME = AppIcon;
				ASSETCATALOG_COMPILER_GLOBAL_ACCENT_COLOR_NAME = AccentColor;
				CODE_SIGN_STYLE = Automatic;
				CURRENT_PROJECT_VERSION = 1;
				DEVELOPMENT_ASSET_PATHS = "\"ACMControl/Preview Content\"";
				DEVELOPMENT_TEAM = 5K3U7JWXXN;
				ENABLE_PREVIEWS = YES;
				GENERATE_INFOPLIST_FILE = YES;
				INFOPLIST_FILE = ACMControl/Info.plist;
				INFOPLIST_KEY_UIApplicationSceneManifest_Generation = YES;
				INFOPLIST_KEY_UIApplicationSupportsIndirectInputEvents = YES;
				INFOPLIST_KEY_UILaunchScreen_Generation = YES;
				INFOPLIST_KEY_UISupportedInterfaceOrientations_iPad = "UIInterfaceOrientationPortrait UIInterfaceOrientationPortraitUpsideDown UIInterfaceOrientationLandscapeLeft UIInterfaceOrientationLandscapeRight";
				INFOPLIST_KEY_UISupportedInterfaceOrientations_iPhone = "UIInterfaceOrientationPortrait UIInterfaceOrientationLandscapeLeft UIInterfaceOrientationLandscapeRight";
				LD_RUNPATH_SEARCH_PATHS = (
					"$(inherited)",
					"@executable_path/Frameworks",
				);
				MARKETING_VERSION = 1.0;
				PRODUCT_BUNDLE_IDENTIFIER = rb.ACMControl;
				PRODUCT_NAME = "$(TARGET_NAME)";
				SWIFT_EMIT_LOC_STRINGS = YES;
				SWIFT_VERSION = 5.0;
				TARGETED_DEVICE_FAMILY = "1,2";
			};
			name = Release;
		};
		BDE52E562CA5439A0053970B /* Debug */ = {
			isa = XCBuildConfiguration;
			buildSettings = {
				ALWAYS_EMBED_SWIFT_STANDARD_LIBRARIES = YES;
				BUNDLE_LOADER = "$(TEST_HOST)";
				CODE_SIGN_STYLE = Automatic;
				CURRENT_PROJECT_VERSION = 1;
				DEVELOPMENT_TEAM = 5K3U7JWXXN;
				GENERATE_INFOPLIST_FILE = YES;
				IPHONEOS_DEPLOYMENT_TARGET = 17.5;
				MARKETING_VERSION = 1.0;
				PRODUCT_BUNDLE_IDENTIFIER = rb.ACMControlTests;
				PRODUCT_NAME = "$(TARGET_NAME)";
				SWIFT_EMIT_LOC_STRINGS = NO;
				SWIFT_VERSION = 5.0;
				TARGETED_DEVICE_FAMILY = "1,2";
				TEST_HOST = "$(BUILT_PRODUCTS_DIR)/ACMControl.app/$(BUNDLE_EXECUTABLE_FOLDER_PATH)/ACMControl";
			};
			name = Debug;
		};
		BDE52E572CA5439A0053970B /* Release */ = {
			isa = XCBuildConfiguration;
			buildSettings = {
				ALWAYS_EMBED_SWIFT_STANDARD_LIBRARIES = YES;
				BUNDLE_LOADER = "$(TEST_HOST)";
				CODE_SIGN_STYLE = Automatic;
				CURRENT_PROJECT_VERSION = 1;
				DEVELOPMENT_TEAM = 5K3U7JWXXN;
				GENERATE_INFOPLIST_FILE = YES;
				IPHONEOS_DEPLOYMENT_TARGET = 17.5;
				MARKETING_VERSION = 1.0;
				PRODUCT_BUNDLE_IDENTIFIER = rb.ACMControlTests;
				PRODUCT_NAME = "$(TARGET_NAME)";
				SWIFT_EMIT_LOC_STRINGS = NO;
				SWIFT_VERSION = 5.0;
				TARGETED_DEVICE_FAMILY = "1,2";
				TEST_HOST = "$(BUILT_PRODUCTS_DIR)/ACMControl.app/$(BUNDLE_EXECUTABLE_FOLDER_PATH)/ACMControl";
			};
			name = Release;
		};
		BDE52E592CA5439A0053970B /* Debug */ = {
			isa = XCBuildConfiguration;
			buildSettings = {
				ALWAYS_EMBED_SWIFT_STANDARD_LIBRARIES = YES;
				CODE_SIGN_STYLE = Automatic;
				CURRENT_PROJECT_VERSION = 1;
				DEVELOPMENT_TEAM = 5K3U7JWXXN;
				GENERATE_INFOPLIST_FILE = YES;
				MARKETING_VERSION = 1.0;
				PRODUCT_BUNDLE_IDENTIFIER = rb.ACMControlUITests;
				PRODUCT_NAME = "$(TARGET_NAME)";
				SWIFT_EMIT_LOC_STRINGS = NO;
				SWIFT_VERSION = 5.0;
				TARGETED_DEVICE_FAMILY = "1,2";
				TEST_TARGET_NAME = ACMControl;
			};
			name = Debug;
		};
		BDE52E5A2CA5439A0053970B /* Release */ = {
			isa = XCBuildConfiguration;
			buildSettings = {
				ALWAYS_EMBED_SWIFT_STANDARD_LIBRARIES = YES;
				CODE_SIGN_STYLE = Automatic;
				CURRENT_PROJECT_VERSION = 1;
				DEVELOPMENT_TEAM = 5K3U7JWXXN;
				GENERATE_INFOPLIST_FILE = YES;
				MARKETING_VERSION = 1.0;
				PRODUCT_BUNDLE_IDENTIFIER = rb.ACMControlUITests;
				PRODUCT_NAME = "$(TARGET_NAME)";
				SWIFT_EMIT_LOC_STRINGS = NO;
				SWIFT_VERSION = 5.0;
				TARGETED_DEVICE_FAMILY = "1,2";
				TEST_TARGET_NAME = ACMControl;
			};
			name = Release;
		};
/* End XCBuildConfiguration section */

/* Begin XCConfigurationList section */
		BDE52E292CA543960053970B /* Build configuration list for PBXProject "ACMControl" */ = {
			isa = XCConfigurationList;
			buildConfigurations = (
				BDE52E502CA5439A0053970B /* Debug */,
				BDE52E512CA5439A0053970B /* Release */,
			);
			defaultConfigurationIsVisible = 0;
			defaultConfigurationName = Release;
		};
		BDE52E522CA5439A0053970B /* Build configuration list for PBXNativeTarget "ACMControl" */ = {
			isa = XCConfigurationList;
			buildConfigurations = (
				BDE52E532CA5439A0053970B /* Debug */,
				BDE52E542CA5439A0053970B /* Release */,
			);
			defaultConfigurationIsVisible = 0;
			defaultConfigurationName = Release;
		};
		BDE52E552CA5439A0053970B /* Build configuration list for PBXNativeTarget "ACMControlTests" */ = {
			isa = XCConfigurationList;
			buildConfigurations = (
				BDE52E562CA5439A0053970B /* Debug */,
				BDE52E572CA5439A0053970B /* Release */,
			);
			defaultConfigurationIsVisible = 0;
			defaultConfigurationName = Release;
		};
		BDE52E582CA5439A0053970B /* Build configuration list for PBXNativeTarget "ACMControlUITests" */ = {
			isa = XCConfigurationList;
			buildConfigurations = (
				BDE52E592CA5439A0053970B /* Debug */,
				BDE52E5A2CA5439A0053970B /* Release */,
			);
			defaultConfigurationIsVisible = 0;
			defaultConfigurationName = Release;
		};
/* End XCConfigurationList section */
	};
	rootObject = BDE52E262CA543960053970B /* Project object */;
}
